
Microsoft Visual Studio Solution File, Format Version 12.00
# Visual Studio Version 17
VisualStudioVersion = 17.9.34607.119
MinimumVisualStudioVersion = 10.0.40219.1
Project("{9A19103F-16F7-4668-BE54-9A1E7A4F7556}") = "Csla8ModelTemplates.WebApi", "Csla8ModelTemplates.WebApi\Csla8ModelTemplates.WebApi.csproj", "{1D2F2C49-6DCF-4FCC-B31B-2075B1427B00}"
EndProject
Project("{9A19103F-16F7-4668-BE54-9A1E7A4F7556}") = "Csla8ModelTemplates.Contracts", "Csla8ModelTemplates.Contracts\Csla8ModelTemplates.Contracts.csproj", "{98D68312-25CC-4F4C-A85A-D4ECCE93F628}"
EndProject
Project("{9A19103F-16F7-4668-BE54-9A1E7A4F7556}") = "Csla8ModelTemplates.Dal.MySql", "Csla8ModelTemplates.Dal.MySql\Csla8ModelTemplates.Dal.MySql.csproj", "{9E1CC5E9-179D-4A8B-800D-BB80CECF5D28}"
EndProject
Project("{9A19103F-16F7-4668-BE54-9A1E7A4F7556}") = "Csla8ModelTemplates.Models", "Csla8ModelTemplates.Models\Csla8ModelTemplates.Models.csproj", "{AC2ACE87-2F84-4D24-8A6C-E04A0B6BAE4F}"
EndProject
Project("{9A19103F-16F7-4668-BE54-9A1E7A4F7556}") = "Csla8ModelTemplates.Resources", "Csla8ModelTemplates.Resources\Csla8ModelTemplates.Resources.csproj", "{9AE9A178-6D3E-4B3E-9F27-0733B8206E35}"
EndProject
Project("{9A19103F-16F7-4668-BE54-9A1E7A4F7556}") = "Csla8ModelTemplates.Tests.WebApi", "Csla8ModelTemplates.Tests.WebApi\Csla8ModelTemplates.Tests.WebApi.csproj", "{7C03535B-21C9-4529-95A0-84CDA08E5867}"
EndProject
Project("{2150E333-8FDC-42A3-9474-1A3956D46DE8}") = "Docs", "Docs", "{133DDFA6-0FE4-4290-8D02-4CE922B55163}"
	ProjectSection(SolutionItems) = preProject
		LICENSE = LICENSE
		README.md = README.md
		version.js = version.js
	EndProjectSection
EndProject
Project("{2150E333-8FDC-42A3-9474-1A3956D46DE8}") = "Images", "Images", "{080CFDEE-4A09-4F2E-8C6B-4BC7DCD6C086}"
	ProjectSection(SolutionItems) = preProject
		Images\Complex.png = Images\Complex.png
		Images\Junction.png = Images\Junction.png
		Images\Simple.png = Images\Simple.png
		Images\Tree.png = Images\Tree.png
	EndProjectSection
EndProject
Project("{FAE04EC0-301F-11D3-BF4B-00C04F79EFBC}") = "Csla8RestApi.Snippets", "Csla8RestApi.Snippets\Csla8RestApi.Snippets.csproj", "{24074E39-3FE9-4A2B-8FB0-3333C530BDD7}"
EndProject
Project("{9A19103F-16F7-4668-BE54-9A1E7A4F7556}") = "Csla8ModelTemplates.Entities", "Csla8ModelTemplates.Entities\Csla8ModelTemplates.Entities.csproj", "{BF93A411-2FDD-4ED7-B9BA-6F8673BFE2A6}"
EndProject
Project("{E53339B2-1760-4266-BCC7-CA923CBCF16C}") = "docker-compose", "docker-compose.dcproj", "{405612D3-A5E5-4F5C-B4C9-0D500354061A}"
EndProject
Project("{9A19103F-16F7-4668-BE54-9A1E7A4F7556}") = "Csla8RestApi.SnippetGenerator", "Csla8RestApi.SnippetGenerator\Csla8RestApi.SnippetGenerator.csproj", "{B8BF370E-AE1B-424A-8667-24147F335656}"
EndProject
Project("{9A19103F-16F7-4668-BE54-9A1E7A4F7556}") = "Csla8RestApi.Tests.Entities", "Csla8RestApi.Tests.Entities\Csla8RestApi.Tests.Entities.csproj", "{A769B891-4429-4A43-87BB-8D9C1AC531BF}"
EndProject
Project("{9A19103F-16F7-4668-BE54-9A1E7A4F7556}") = "Csla8RestApi.Tests.Contracts", "Csla8RestApi.Tests.Contracts\Csla8RestApi.Tests.Contracts.csproj", "{3277178C-6FC5-4655-826F-D08D02614EB1}"
EndProject
Project("{9A19103F-16F7-4668-BE54-9A1E7A4F7556}") = "Csla8RestApi.Tests.WebApi", "Csla8RestApi.Tests.WebApi\Csla8RestApi.Tests.WebApi.csproj", "{51690147-342F-4671-87ED-65BFD8936B2B}"
EndProject
Project("{9A19103F-16F7-4668-BE54-9A1E7A4F7556}") = "Csla8RestApi.Tests.Dal.MySql", "Csla8RestApi.Tests.Dal.MySql\Csla8RestApi.Tests.Dal.MySql.csproj", "{6B2E5E01-0103-49EF-B2B2-2AB452BCC2A7}"
EndProject
Project("{9A19103F-16F7-4668-BE54-9A1E7A4F7556}") = "Csla8RestApi.Tests.Models", "Csla8RestApi.Tests.Models\Csla8RestApi.Tests.Models.csproj", "{58D25D91-5D95-4619-B875-2F3F878C14C0}"
EndProject
Project("{2150E333-8FDC-42A3-9474-1A3956D46DE8}") = "CslaRestApi", "CslaRestApi", "{01A7149A-297B-4870-B3FA-4A8788CB4F03}"
EndProject
Project("{2150E333-8FDC-42A3-9474-1A3956D46DE8}") = "CslaRestApi.Tests", "CslaRestApi.Tests", "{7FBE3DAE-483E-43EA-A3E3-132B64165D08}"
EndProject
Project("{FAE04EC0-301F-11D3-BF4B-00C04F79EFBC}") = "Csla8RestApi.Tests.TestGenerator", "Csla8RestApi.Tests.TestGenerator\Csla8RestApi.Tests.TestGenerator.csproj", "{0FDFA4C8-858C-4D87-B5BD-A0D0833A8A14}"
EndProject
Project("{FAE04EC0-301F-11D3-BF4B-00C04F79EFBC}") = "Csla8RestApi", "Csla8RestApi\Csla8RestApi.csproj", "{68289960-60FE-44FC-8BA7-D6F93207DE43}"
EndProject
Global
	GlobalSection(SolutionConfigurationPlatforms) = preSolution
		Debug|Any CPU = Debug|Any CPU
		Debug|arm64 = Debug|arm64
		Debug|x86 = Debug|x86
		Release|Any CPU = Release|Any CPU
		Release|arm64 = Release|arm64
		Release|x86 = Release|x86
	EndGlobalSection
	GlobalSection(ProjectConfigurationPlatforms) = postSolution
		{1D2F2C49-6DCF-4FCC-B31B-2075B1427B00}.Debug|Any CPU.ActiveCfg = Debug|Any CPU
		{1D2F2C49-6DCF-4FCC-B31B-2075B1427B00}.Debug|Any CPU.Build.0 = Debug|Any CPU
		{1D2F2C49-6DCF-4FCC-B31B-2075B1427B00}.Debug|arm64.ActiveCfg = Debug|Any CPU
		{1D2F2C49-6DCF-4FCC-B31B-2075B1427B00}.Debug|arm64.Build.0 = Debug|Any CPU
		{1D2F2C49-6DCF-4FCC-B31B-2075B1427B00}.Debug|x86.ActiveCfg = Debug|Any CPU
		{1D2F2C49-6DCF-4FCC-B31B-2075B1427B00}.Debug|x86.Build.0 = Debug|Any CPU
		{1D2F2C49-6DCF-4FCC-B31B-2075B1427B00}.Release|Any CPU.ActiveCfg = Release|Any CPU
		{1D2F2C49-6DCF-4FCC-B31B-2075B1427B00}.Release|Any CPU.Build.0 = Release|Any CPU
		{1D2F2C49-6DCF-4FCC-B31B-2075B1427B00}.Release|arm64.ActiveCfg = Release|Any CPU
		{1D2F2C49-6DCF-4FCC-B31B-2075B1427B00}.Release|arm64.Build.0 = Release|Any CPU
		{1D2F2C49-6DCF-4FCC-B31B-2075B1427B00}.Release|x86.ActiveCfg = Release|Any CPU
		{1D2F2C49-6DCF-4FCC-B31B-2075B1427B00}.Release|x86.Build.0 = Release|Any CPU
		{98D68312-25CC-4F4C-A85A-D4ECCE93F628}.Debug|Any CPU.ActiveCfg = Debug|Any CPU
		{98D68312-25CC-4F4C-A85A-D4ECCE93F628}.Debug|Any CPU.Build.0 = Debug|Any CPU
		{98D68312-25CC-4F4C-A85A-D4ECCE93F628}.Debug|arm64.ActiveCfg = Debug|Any CPU
		{98D68312-25CC-4F4C-A85A-D4ECCE93F628}.Debug|arm64.Build.0 = Debug|Any CPU
		{98D68312-25CC-4F4C-A85A-D4ECCE93F628}.Debug|x86.ActiveCfg = Debug|Any CPU
		{98D68312-25CC-4F4C-A85A-D4ECCE93F628}.Debug|x86.Build.0 = Debug|Any CPU
		{98D68312-25CC-4F4C-A85A-D4ECCE93F628}.Release|Any CPU.ActiveCfg = Release|Any CPU
		{98D68312-25CC-4F4C-A85A-D4ECCE93F628}.Release|Any CPU.Build.0 = Release|Any CPU
		{98D68312-25CC-4F4C-A85A-D4ECCE93F628}.Release|arm64.ActiveCfg = Release|Any CPU
		{98D68312-25CC-4F4C-A85A-D4ECCE93F628}.Release|arm64.Build.0 = Release|Any CPU
		{98D68312-25CC-4F4C-A85A-D4ECCE93F628}.Release|x86.ActiveCfg = Release|Any CPU
		{98D68312-25CC-4F4C-A85A-D4ECCE93F628}.Release|x86.Build.0 = Release|Any CPU
		{9E1CC5E9-179D-4A8B-800D-BB80CECF5D28}.Debug|Any CPU.ActiveCfg = Debug|Any CPU
		{9E1CC5E9-179D-4A8B-800D-BB80CECF5D28}.Debug|Any CPU.Build.0 = Debug|Any CPU
		{9E1CC5E9-179D-4A8B-800D-BB80CECF5D28}.Debug|arm64.ActiveCfg = Debug|Any CPU
		{9E1CC5E9-179D-4A8B-800D-BB80CECF5D28}.Debug|arm64.Build.0 = Debug|Any CPU
		{9E1CC5E9-179D-4A8B-800D-BB80CECF5D28}.Debug|x86.ActiveCfg = Debug|Any CPU
		{9E1CC5E9-179D-4A8B-800D-BB80CECF5D28}.Debug|x86.Build.0 = Debug|Any CPU
		{9E1CC5E9-179D-4A8B-800D-BB80CECF5D28}.Release|Any CPU.ActiveCfg = Release|Any CPU
		{9E1CC5E9-179D-4A8B-800D-BB80CECF5D28}.Release|Any CPU.Build.0 = Release|Any CPU
		{9E1CC5E9-179D-4A8B-800D-BB80CECF5D28}.Release|arm64.ActiveCfg = Release|Any CPU
		{9E1CC5E9-179D-4A8B-800D-BB80CECF5D28}.Release|arm64.Build.0 = Release|Any CPU
		{9E1CC5E9-179D-4A8B-800D-BB80CECF5D28}.Release|x86.ActiveCfg = Release|Any CPU
		{9E1CC5E9-179D-4A8B-800D-BB80CECF5D28}.Release|x86.Build.0 = Release|Any CPU
		{AC2ACE87-2F84-4D24-8A6C-E04A0B6BAE4F}.Debug|Any CPU.ActiveCfg = Debug|Any CPU
		{AC2ACE87-2F84-4D24-8A6C-E04A0B6BAE4F}.Debug|Any CPU.Build.0 = Debug|Any CPU
		{AC2ACE87-2F84-4D24-8A6C-E04A0B6BAE4F}.Debug|arm64.ActiveCfg = Debug|Any CPU
		{AC2ACE87-2F84-4D24-8A6C-E04A0B6BAE4F}.Debug|arm64.Build.0 = Debug|Any CPU
		{AC2ACE87-2F84-4D24-8A6C-E04A0B6BAE4F}.Debug|x86.ActiveCfg = Debug|Any CPU
		{AC2ACE87-2F84-4D24-8A6C-E04A0B6BAE4F}.Debug|x86.Build.0 = Debug|Any CPU
		{AC2ACE87-2F84-4D24-8A6C-E04A0B6BAE4F}.Release|Any CPU.ActiveCfg = Release|Any CPU
		{AC2ACE87-2F84-4D24-8A6C-E04A0B6BAE4F}.Release|Any CPU.Build.0 = Release|Any CPU
		{AC2ACE87-2F84-4D24-8A6C-E04A0B6BAE4F}.Release|arm64.ActiveCfg = Release|Any CPU
		{AC2ACE87-2F84-4D24-8A6C-E04A0B6BAE4F}.Release|arm64.Build.0 = Release|Any CPU
		{AC2ACE87-2F84-4D24-8A6C-E04A0B6BAE4F}.Release|x86.ActiveCfg = Release|Any CPU
		{AC2ACE87-2F84-4D24-8A6C-E04A0B6BAE4F}.Release|x86.Build.0 = Release|Any CPU
		{9AE9A178-6D3E-4B3E-9F27-0733B8206E35}.Debug|Any CPU.ActiveCfg = Debug|Any CPU
		{9AE9A178-6D3E-4B3E-9F27-0733B8206E35}.Debug|Any CPU.Build.0 = Debug|Any CPU
		{9AE9A178-6D3E-4B3E-9F27-0733B8206E35}.Debug|arm64.ActiveCfg = Debug|Any CPU
		{9AE9A178-6D3E-4B3E-9F27-0733B8206E35}.Debug|arm64.Build.0 = Debug|Any CPU
		{9AE9A178-6D3E-4B3E-9F27-0733B8206E35}.Debug|x86.ActiveCfg = Debug|Any CPU
		{9AE9A178-6D3E-4B3E-9F27-0733B8206E35}.Debug|x86.Build.0 = Debug|Any CPU
		{9AE9A178-6D3E-4B3E-9F27-0733B8206E35}.Release|Any CPU.ActiveCfg = Release|Any CPU
		{9AE9A178-6D3E-4B3E-9F27-0733B8206E35}.Release|Any CPU.Build.0 = Release|Any CPU
		{9AE9A178-6D3E-4B3E-9F27-0733B8206E35}.Release|arm64.ActiveCfg = Release|Any CPU
		{9AE9A178-6D3E-4B3E-9F27-0733B8206E35}.Release|arm64.Build.0 = Release|Any CPU
		{9AE9A178-6D3E-4B3E-9F27-0733B8206E35}.Release|x86.ActiveCfg = Release|Any CPU
		{9AE9A178-6D3E-4B3E-9F27-0733B8206E35}.Release|x86.Build.0 = Release|Any CPU
		{7C03535B-21C9-4529-95A0-84CDA08E5867}.Debug|Any CPU.ActiveCfg = Debug|Any CPU
		{7C03535B-21C9-4529-95A0-84CDA08E5867}.Debug|Any CPU.Build.0 = Debug|Any CPU
		{7C03535B-21C9-4529-95A0-84CDA08E5867}.Debug|arm64.ActiveCfg = Debug|Any CPU
		{7C03535B-21C9-4529-95A0-84CDA08E5867}.Debug|arm64.Build.0 = Debug|Any CPU
		{7C03535B-21C9-4529-95A0-84CDA08E5867}.Debug|x86.ActiveCfg = Debug|Any CPU
		{7C03535B-21C9-4529-95A0-84CDA08E5867}.Debug|x86.Build.0 = Debug|Any CPU
		{7C03535B-21C9-4529-95A0-84CDA08E5867}.Release|Any CPU.ActiveCfg = Release|Any CPU
		{7C03535B-21C9-4529-95A0-84CDA08E5867}.Release|Any CPU.Build.0 = Release|Any CPU
		{7C03535B-21C9-4529-95A0-84CDA08E5867}.Release|arm64.ActiveCfg = Release|Any CPU
		{7C03535B-21C9-4529-95A0-84CDA08E5867}.Release|arm64.Build.0 = Release|Any CPU
		{7C03535B-21C9-4529-95A0-84CDA08E5867}.Release|x86.ActiveCfg = Release|Any CPU
		{7C03535B-21C9-4529-95A0-84CDA08E5867}.Release|x86.Build.0 = Release|Any CPU
		{24074E39-3FE9-4A2B-8FB0-3333C530BDD7}.Debug|Any CPU.ActiveCfg = Debug|Any CPU
		{24074E39-3FE9-4A2B-8FB0-3333C530BDD7}.Debug|Any CPU.Build.0 = Debug|Any CPU
		{24074E39-3FE9-4A2B-8FB0-3333C530BDD7}.Debug|arm64.ActiveCfg = Debug|arm64
		{24074E39-3FE9-4A2B-8FB0-3333C530BDD7}.Debug|arm64.Build.0 = Debug|arm64
		{24074E39-3FE9-4A2B-8FB0-3333C530BDD7}.Debug|x86.ActiveCfg = Debug|x86
		{24074E39-3FE9-4A2B-8FB0-3333C530BDD7}.Debug|x86.Build.0 = Debug|x86
		{24074E39-3FE9-4A2B-8FB0-3333C530BDD7}.Release|Any CPU.ActiveCfg = Release|Any CPU
		{24074E39-3FE9-4A2B-8FB0-3333C530BDD7}.Release|Any CPU.Build.0 = Release|Any CPU
		{24074E39-3FE9-4A2B-8FB0-3333C530BDD7}.Release|arm64.ActiveCfg = Release|arm64
		{24074E39-3FE9-4A2B-8FB0-3333C530BDD7}.Release|arm64.Build.0 = Release|arm64
		{24074E39-3FE9-4A2B-8FB0-3333C530BDD7}.Release|x86.ActiveCfg = Release|x86
		{24074E39-3FE9-4A2B-8FB0-3333C530BDD7}.Release|x86.Build.0 = Release|x86
		{BF93A411-2FDD-4ED7-B9BA-6F8673BFE2A6}.Debug|Any CPU.ActiveCfg = Debug|Any CPU
		{BF93A411-2FDD-4ED7-B9BA-6F8673BFE2A6}.Debug|Any CPU.Build.0 = Debug|Any CPU
		{BF93A411-2FDD-4ED7-B9BA-6F8673BFE2A6}.Debug|arm64.ActiveCfg = Debug|Any CPU
		{BF93A411-2FDD-4ED7-B9BA-6F8673BFE2A6}.Debug|arm64.Build.0 = Debug|Any CPU
		{BF93A411-2FDD-4ED7-B9BA-6F8673BFE2A6}.Debug|x86.ActiveCfg = Debug|Any CPU
		{BF93A411-2FDD-4ED7-B9BA-6F8673BFE2A6}.Debug|x86.Build.0 = Debug|Any CPU
		{BF93A411-2FDD-4ED7-B9BA-6F8673BFE2A6}.Release|Any CPU.ActiveCfg = Release|Any CPU
		{BF93A411-2FDD-4ED7-B9BA-6F8673BFE2A6}.Release|Any CPU.Build.0 = Release|Any CPU
		{BF93A411-2FDD-4ED7-B9BA-6F8673BFE2A6}.Release|arm64.ActiveCfg = Release|Any CPU
		{BF93A411-2FDD-4ED7-B9BA-6F8673BFE2A6}.Release|arm64.Build.0 = Release|Any CPU
		{BF93A411-2FDD-4ED7-B9BA-6F8673BFE2A6}.Release|x86.ActiveCfg = Release|Any CPU
		{BF93A411-2FDD-4ED7-B9BA-6F8673BFE2A6}.Release|x86.Build.0 = Release|Any CPU
		{405612D3-A5E5-4F5C-B4C9-0D500354061A}.Debug|Any CPU.ActiveCfg = Debug|Any CPU
		{405612D3-A5E5-4F5C-B4C9-0D500354061A}.Debug|Any CPU.Build.0 = Debug|Any CPU
		{405612D3-A5E5-4F5C-B4C9-0D500354061A}.Debug|arm64.ActiveCfg = Debug|Any CPU
		{405612D3-A5E5-4F5C-B4C9-0D500354061A}.Debug|arm64.Build.0 = Debug|Any CPU
		{405612D3-A5E5-4F5C-B4C9-0D500354061A}.Debug|x86.ActiveCfg = Debug|Any CPU
		{405612D3-A5E5-4F5C-B4C9-0D500354061A}.Debug|x86.Build.0 = Debug|Any CPU
		{405612D3-A5E5-4F5C-B4C9-0D500354061A}.Release|Any CPU.ActiveCfg = Release|Any CPU
		{405612D3-A5E5-4F5C-B4C9-0D500354061A}.Release|Any CPU.Build.0 = Release|Any CPU
		{405612D3-A5E5-4F5C-B4C9-0D500354061A}.Release|arm64.ActiveCfg = Release|Any CPU
		{405612D3-A5E5-4F5C-B4C9-0D500354061A}.Release|arm64.Build.0 = Release|Any CPU
		{405612D3-A5E5-4F5C-B4C9-0D500354061A}.Release|x86.ActiveCfg = Release|Any CPU
		{405612D3-A5E5-4F5C-B4C9-0D500354061A}.Release|x86.Build.0 = Release|Any CPU
		{B8BF370E-AE1B-424A-8667-24147F335656}.Debug|Any CPU.ActiveCfg = Debug|Any CPU
		{B8BF370E-AE1B-424A-8667-24147F335656}.Debug|Any CPU.Build.0 = Debug|Any CPU
		{B8BF370E-AE1B-424A-8667-24147F335656}.Debug|arm64.ActiveCfg = Debug|Any CPU
		{B8BF370E-AE1B-424A-8667-24147F335656}.Debug|arm64.Build.0 = Debug|Any CPU
		{B8BF370E-AE1B-424A-8667-24147F335656}.Debug|x86.ActiveCfg = Debug|Any CPU
		{B8BF370E-AE1B-424A-8667-24147F335656}.Debug|x86.Build.0 = Debug|Any CPU
		{B8BF370E-AE1B-424A-8667-24147F335656}.Release|Any CPU.ActiveCfg = Release|Any CPU
		{B8BF370E-AE1B-424A-8667-24147F335656}.Release|Any CPU.Build.0 = Release|Any CPU
		{B8BF370E-AE1B-424A-8667-24147F335656}.Release|arm64.ActiveCfg = Release|Any CPU
		{B8BF370E-AE1B-424A-8667-24147F335656}.Release|arm64.Build.0 = Release|Any CPU
		{B8BF370E-AE1B-424A-8667-24147F335656}.Release|x86.ActiveCfg = Release|Any CPU
		{B8BF370E-AE1B-424A-8667-24147F335656}.Release|x86.Build.0 = Release|Any CPU
		{A769B891-4429-4A43-87BB-8D9C1AC531BF}.Debug|Any CPU.ActiveCfg = Debug|Any CPU
		{A769B891-4429-4A43-87BB-8D9C1AC531BF}.Debug|Any CPU.Build.0 = Debug|Any CPU
		{A769B891-4429-4A43-87BB-8D9C1AC531BF}.Debug|arm64.ActiveCfg = Debug|Any CPU
		{A769B891-4429-4A43-87BB-8D9C1AC531BF}.Debug|arm64.Build.0 = Debug|Any CPU
		{A769B891-4429-4A43-87BB-8D9C1AC531BF}.Debug|x86.ActiveCfg = Debug|Any CPU
		{A769B891-4429-4A43-87BB-8D9C1AC531BF}.Debug|x86.Build.0 = Debug|Any CPU
		{A769B891-4429-4A43-87BB-8D9C1AC531BF}.Release|Any CPU.ActiveCfg = Release|Any CPU
		{A769B891-4429-4A43-87BB-8D9C1AC531BF}.Release|Any CPU.Build.0 = Release|Any CPU
		{A769B891-4429-4A43-87BB-8D9C1AC531BF}.Release|arm64.ActiveCfg = Release|Any CPU
		{A769B891-4429-4A43-87BB-8D9C1AC531BF}.Release|arm64.Build.0 = Release|Any CPU
		{A769B891-4429-4A43-87BB-8D9C1AC531BF}.Release|x86.ActiveCfg = Release|Any CPU
		{A769B891-4429-4A43-87BB-8D9C1AC531BF}.Release|x86.Build.0 = Release|Any CPU
		{3277178C-6FC5-4655-826F-D08D02614EB1}.Debug|Any CPU.ActiveCfg = Debug|Any CPU
		{3277178C-6FC5-4655-826F-D08D02614EB1}.Debug|Any CPU.Build.0 = Debug|Any CPU
		{3277178C-6FC5-4655-826F-D08D02614EB1}.Debug|arm64.ActiveCfg = Debug|Any CPU
		{3277178C-6FC5-4655-826F-D08D02614EB1}.Debug|arm64.Build.0 = Debug|Any CPU
		{3277178C-6FC5-4655-826F-D08D02614EB1}.Debug|x86.ActiveCfg = Debug|Any CPU
		{3277178C-6FC5-4655-826F-D08D02614EB1}.Debug|x86.Build.0 = Debug|Any CPU
		{3277178C-6FC5-4655-826F-D08D02614EB1}.Release|Any CPU.ActiveCfg = Release|Any CPU
		{3277178C-6FC5-4655-826F-D08D02614EB1}.Release|Any CPU.Build.0 = Release|Any CPU
		{3277178C-6FC5-4655-826F-D08D02614EB1}.Release|arm64.ActiveCfg = Release|Any CPU
		{3277178C-6FC5-4655-826F-D08D02614EB1}.Release|arm64.Build.0 = Release|Any CPU
		{3277178C-6FC5-4655-826F-D08D02614EB1}.Release|x86.ActiveCfg = Release|Any CPU
		{3277178C-6FC5-4655-826F-D08D02614EB1}.Release|x86.Build.0 = Release|Any CPU
		{51690147-342F-4671-87ED-65BFD8936B2B}.Debug|Any CPU.ActiveCfg = Debug|Any CPU
		{51690147-342F-4671-87ED-65BFD8936B2B}.Debug|Any CPU.Build.0 = Debug|Any CPU
		{51690147-342F-4671-87ED-65BFD8936B2B}.Debug|arm64.ActiveCfg = Debug|Any CPU
		{51690147-342F-4671-87ED-65BFD8936B2B}.Debug|arm64.Build.0 = Debug|Any CPU
		{51690147-342F-4671-87ED-65BFD8936B2B}.Debug|x86.ActiveCfg = Debug|Any CPU
		{51690147-342F-4671-87ED-65BFD8936B2B}.Debug|x86.Build.0 = Debug|Any CPU
		{51690147-342F-4671-87ED-65BFD8936B2B}.Release|Any CPU.ActiveCfg = Release|Any CPU
		{51690147-342F-4671-87ED-65BFD8936B2B}.Release|Any CPU.Build.0 = Release|Any CPU
		{51690147-342F-4671-87ED-65BFD8936B2B}.Release|arm64.ActiveCfg = Release|Any CPU
		{51690147-342F-4671-87ED-65BFD8936B2B}.Release|arm64.Build.0 = Release|Any CPU
		{51690147-342F-4671-87ED-65BFD8936B2B}.Release|x86.ActiveCfg = Release|Any CPU
		{51690147-342F-4671-87ED-65BFD8936B2B}.Release|x86.Build.0 = Release|Any CPU
		{6B2E5E01-0103-49EF-B2B2-2AB452BCC2A7}.Debug|Any CPU.ActiveCfg = Debug|Any CPU
		{6B2E5E01-0103-49EF-B2B2-2AB452BCC2A7}.Debug|Any CPU.Build.0 = Debug|Any CPU
		{6B2E5E01-0103-49EF-B2B2-2AB452BCC2A7}.Debug|arm64.ActiveCfg = Debug|Any CPU
		{6B2E5E01-0103-49EF-B2B2-2AB452BCC2A7}.Debug|arm64.Build.0 = Debug|Any CPU
		{6B2E5E01-0103-49EF-B2B2-2AB452BCC2A7}.Debug|x86.ActiveCfg = Debug|Any CPU
		{6B2E5E01-0103-49EF-B2B2-2AB452BCC2A7}.Debug|x86.Build.0 = Debug|Any CPU
		{6B2E5E01-0103-49EF-B2B2-2AB452BCC2A7}.Release|Any CPU.ActiveCfg = Release|Any CPU
		{6B2E5E01-0103-49EF-B2B2-2AB452BCC2A7}.Release|Any CPU.Build.0 = Release|Any CPU
		{6B2E5E01-0103-49EF-B2B2-2AB452BCC2A7}.Release|arm64.ActiveCfg = Release|Any CPU
		{6B2E5E01-0103-49EF-B2B2-2AB452BCC2A7}.Release|arm64.Build.0 = Release|Any CPU
		{6B2E5E01-0103-49EF-B2B2-2AB452BCC2A7}.Release|x86.ActiveCfg = Release|Any CPU
		{6B2E5E01-0103-49EF-B2B2-2AB452BCC2A7}.Release|x86.Build.0 = Release|Any CPU
		{58D25D91-5D95-4619-B875-2F3F878C14C0}.Debug|Any CPU.ActiveCfg = Debug|Any CPU
		{58D25D91-5D95-4619-B875-2F3F878C14C0}.Debug|Any CPU.Build.0 = Debug|Any CPU
		{58D25D91-5D95-4619-B875-2F3F878C14C0}.Debug|arm64.ActiveCfg = Debug|Any CPU
		{58D25D91-5D95-4619-B875-2F3F878C14C0}.Debug|arm64.Build.0 = Debug|Any CPU
		{58D25D91-5D95-4619-B875-2F3F878C14C0}.Debug|x86.ActiveCfg = Debug|Any CPU
		{58D25D91-5D95-4619-B875-2F3F878C14C0}.Debug|x86.Build.0 = Debug|Any CPU
		{58D25D91-5D95-4619-B875-2F3F878C14C0}.Release|Any CPU.ActiveCfg = Release|Any CPU
		{58D25D91-5D95-4619-B875-2F3F878C14C0}.Release|Any CPU.Build.0 = Release|Any CPU
		{58D25D91-5D95-4619-B875-2F3F878C14C0}.Release|arm64.ActiveCfg = Release|Any CPU
		{58D25D91-5D95-4619-B875-2F3F878C14C0}.Release|arm64.Build.0 = Release|Any CPU
		{58D25D91-5D95-4619-B875-2F3F878C14C0}.Release|x86.ActiveCfg = Release|Any CPU
		{58D25D91-5D95-4619-B875-2F3F878C14C0}.Release|x86.Build.0 = Release|Any CPU
		{0FDFA4C8-858C-4D87-B5BD-A0D0833A8A14}.Debug|Any CPU.ActiveCfg = Debug|Any CPU
		{0FDFA4C8-858C-4D87-B5BD-A0D0833A8A14}.Debug|Any CPU.Build.0 = Debug|Any CPU
		{0FDFA4C8-858C-4D87-B5BD-A0D0833A8A14}.Debug|arm64.ActiveCfg = Debug|Any CPU
		{0FDFA4C8-858C-4D87-B5BD-A0D0833A8A14}.Debug|arm64.Build.0 = Debug|Any CPU
		{0FDFA4C8-858C-4D87-B5BD-A0D0833A8A14}.Debug|x86.ActiveCfg = Debug|Any CPU
		{0FDFA4C8-858C-4D87-B5BD-A0D0833A8A14}.Debug|x86.Build.0 = Debug|Any CPU
		{0FDFA4C8-858C-4D87-B5BD-A0D0833A8A14}.Release|Any CPU.ActiveCfg = Release|Any CPU
		{0FDFA4C8-858C-4D87-B5BD-A0D0833A8A14}.Release|Any CPU.Build.0 = Release|Any CPU
		{0FDFA4C8-858C-4D87-B5BD-A0D0833A8A14}.Release|arm64.ActiveCfg = Release|Any CPU
		{0FDFA4C8-858C-4D87-B5BD-A0D0833A8A14}.Release|arm64.Build.0 = Release|Any CPU
		{0FDFA4C8-858C-4D87-B5BD-A0D0833A8A14}.Release|x86.ActiveCfg = Release|Any CPU
		{0FDFA4C8-858C-4D87-B5BD-A0D0833A8A14}.Release|x86.Build.0 = Release|Any CPU
		{68289960-60FE-44FC-8BA7-D6F93207DE43}.Debug|Any CPU.ActiveCfg = Debug|Any CPU
		{68289960-60FE-44FC-8BA7-D6F93207DE43}.Debug|Any CPU.Build.0 = Debug|Any CPU
		{68289960-60FE-44FC-8BA7-D6F93207DE43}.Debug|arm64.ActiveCfg = Debug|Any CPU
		{68289960-60FE-44FC-8BA7-D6F93207DE43}.Debug|arm64.Build.0 = Debug|Any CPU
		{68289960-60FE-44FC-8BA7-D6F93207DE43}.Debug|x86.ActiveCfg = Debug|Any CPU
		{68289960-60FE-44FC-8BA7-D6F93207DE43}.Debug|x86.Build.0 = Debug|Any CPU
		{68289960-60FE-44FC-8BA7-D6F93207DE43}.Release|Any CPU.ActiveCfg = Release|Any CPU
		{68289960-60FE-44FC-8BA7-D6F93207DE43}.Release|Any CPU.Build.0 = Release|Any CPU
		{68289960-60FE-44FC-8BA7-D6F93207DE43}.Release|arm64.ActiveCfg = Release|Any CPU
		{68289960-60FE-44FC-8BA7-D6F93207DE43}.Release|arm64.Build.0 = Release|Any CPU
		{68289960-60FE-44FC-8BA7-D6F93207DE43}.Release|x86.ActiveCfg = Release|Any CPU
		{68289960-60FE-44FC-8BA7-D6F93207DE43}.Release|x86.Build.0 = Release|Any CPU
	EndGlobalSection
	GlobalSection(SolutionProperties) = preSolution
		HideSolutionNode = FALSE
	EndGlobalSection
	GlobalSection(NestedProjects) = preSolution
		{080CFDEE-4A09-4F2E-8C6B-4BC7DCD6C086} = {133DDFA6-0FE4-4290-8D02-4CE922B55163}
		{24074E39-3FE9-4A2B-8FB0-3333C530BDD7} = {01A7149A-297B-4870-B3FA-4A8788CB4F03}
		{B8BF370E-AE1B-424A-8667-24147F335656} = {01A7149A-297B-4870-B3FA-4A8788CB4F03}
		{A769B891-4429-4A43-87BB-8D9C1AC531BF} = {7FBE3DAE-483E-43EA-A3E3-132B64165D08}
		{3277178C-6FC5-4655-826F-D08D02614EB1} = {7FBE3DAE-483E-43EA-A3E3-132B64165D08}
		{51690147-342F-4671-87ED-65BFD8936B2B} = {7FBE3DAE-483E-43EA-A3E3-132B64165D08}
		{6B2E5E01-0103-49EF-B2B2-2AB452BCC2A7} = {7FBE3DAE-483E-43EA-A3E3-132B64165D08}
		{58D25D91-5D95-4619-B875-2F3F878C14C0} = {7FBE3DAE-483E-43EA-A3E3-132B64165D08}
		{0FDFA4C8-858C-4D87-B5BD-A0D0833A8A14} = {7FBE3DAE-483E-43EA-A3E3-132B64165D08}
		{68289960-60FE-44FC-8BA7-D6F93207DE43} = {01A7149A-297B-4870-B3FA-4A8788CB4F03}
	EndGlobalSection
	GlobalSection(ExtensibilityGlobals) = postSolution
		SolutionGuid = {66B6477D-4119-45B8-BB69-D8BA452E85EB}
	EndGlobalSection
EndGlobal
