
Microsoft Visual Studio Solution File, Format Version 12.00
# Visual Studio Version 17
VisualStudioVersion = 17.9.34607.119
MinimumVisualStudioVersion = 10.0.40219.1
Project("{9A19103F-16F7-4668-BE54-9A1E7A4F7556}") = "Csla8ModelTemplates.WebApi", "Csla8ModelTemplates.WebApi\Csla8ModelTemplates.WebApi.csproj", "{1D2F2C49-6DCF-4FCC-B31B-2075B1427B00}"
EndProject
Project("{9A19103F-16F7-4668-BE54-9A1E7A4F7556}") = "Csla8ModelTemplates.Contracts", "Csla8ModelTemplates.Contracts\Csla8ModelTemplates.Contracts.csproj", "{98D68312-25CC-4F4C-A85A-D4ECCE93F628}"
EndProject
Project("{FAE04EC0-301F-11D3-BF4B-00C04F79EFBC}") = "Csla8ModelTemplates.Dal.MySql", "Csla8ModelTemplates.Dal.MySql\Csla8ModelTemplates.Dal.MySql.csproj", "{9E1CC5E9-179D-4A8B-800D-BB80CECF5D28}"
EndProject
Project("{FAE04EC0-301F-11D3-BF4B-00C04F79EFBC}") = "Csla8ModelTemplates.Models", "Csla8ModelTemplates.Models\Csla8ModelTemplates.Models.csproj", "{AC2ACE87-2F84-4D24-8A6C-E04A0B6BAE4F}"
EndProject
Project("{FAE04EC0-301F-11D3-BF4B-00C04F79EFBC}") = "Csla8ModelTemplates.Resources", "Csla8ModelTemplates.Resources\Csla8ModelTemplates.Resources.csproj", "{9AE9A178-6D3E-4B3E-9F27-0733B8206E35}"
EndProject
Project("{FAE04EC0-301F-11D3-BF4B-00C04F79EFBC}") = "Csla8ModelTemplates.Tests.WebApi", "Csla8ModelTemplates.Tests.WebApi\Csla8ModelTemplates.Tests.WebApi.csproj", "{7C03535B-21C9-4529-95A0-84CDA08E5867}"
EndProject
Project("{2150E333-8FDC-42A3-9474-1A3956D46DE8}") = "Docs", "Docs", "{133DDFA6-0FE4-4290-8D02-4CE922B55163}"
	ProjectSection(SolutionItems) = preProject
		LICENSE = LICENSE
		README.md = README.md
		version.js = version.js
	EndProjectSection
EndProject
Project("{2150E333-8FDC-42A3-9474-1A3956D46DE8}") = "Images", "Images", "{080CFDEE-4A09-4F2E-8C6B-4BC7DCD6C086}"
	ProjectSection(SolutionItems) = preProject
		Images\Complex.png = Images\Complex.png
		Images\Junction.png = Images\Junction.png
		Images\Simple.png = Images\Simple.png
		Images\Tree.png = Images\Tree.png
	EndProjectSection
EndProject
Project("{FAE04EC0-301F-11D3-BF4B-00C04F79EFBC}") = "Csla8RestApi.Dal", "Csla8RestApi.Dal\Csla8RestApi.Dal.csproj", "{177C2EDD-AF25-47BC-96F9-59CACD2B768B}"
EndProject
Project("{FAE04EC0-301F-11D3-BF4B-00C04F79EFBC}") = "Csla8RestApi.Models", "Csla8RestApi.Models\Csla8RestApi.Models.csproj", "{232D34C1-4A66-440D-9D6D-C41A2603EFFB}"
EndProject
Project("{FAE04EC0-301F-11D3-BF4B-00C04F79EFBC}") = "Csla8RestApi.Snippets", "Csla8RestApi.Snippets\Csla8RestApi.Snippets.csproj", "{24074E39-3FE9-4A2B-8FB0-3333C530BDD7}"
EndProject
Project("{FAE04EC0-301F-11D3-BF4B-00C04F79EFBC}") = "Csla8ModelTemplates.Entities", "Csla8ModelTemplates.Entities\Csla8ModelTemplates.Entities.csproj", "{BF93A411-2FDD-4ED7-B9BA-6F8673BFE2A6}"
EndProject
Global
	GlobalSection(SolutionConfigurationPlatforms) = preSolution
		Debug|Any CPU = Debug|Any CPU
		Debug|arm64 = Debug|arm64
		Debug|x86 = Debug|x86
		Release|Any CPU = Release|Any CPU
		Release|arm64 = Release|arm64
		Release|x86 = Release|x86
	EndGlobalSection
	GlobalSection(ProjectConfigurationPlatforms) = postSolution
		{1D2F2C49-6DCF-4FCC-B31B-2075B1427B00}.Debug|Any CPU.ActiveCfg = Debug|Any CPU
		{1D2F2C49-6DCF-4FCC-B31B-2075B1427B00}.Debug|Any CPU.Build.0 = Debug|Any CPU
		{1D2F2C49-6DCF-4FCC-B31B-2075B1427B00}.Debug|arm64.ActiveCfg = Debug|Any CPU
		{1D2F2C49-6DCF-4FCC-B31B-2075B1427B00}.Debug|arm64.Build.0 = Debug|Any CPU
		{1D2F2C49-6DCF-4FCC-B31B-2075B1427B00}.Debug|x86.ActiveCfg = Debug|Any CPU
		{1D2F2C49-6DCF-4FCC-B31B-2075B1427B00}.Debug|x86.Build.0 = Debug|Any CPU
		{1D2F2C49-6DCF-4FCC-B31B-2075B1427B00}.Release|Any CPU.ActiveCfg = Release|Any CPU
		{1D2F2C49-6DCF-4FCC-B31B-2075B1427B00}.Release|Any CPU.Build.0 = Release|Any CPU
		{1D2F2C49-6DCF-4FCC-B31B-2075B1427B00}.Release|arm64.ActiveCfg = Release|Any CPU
		{1D2F2C49-6DCF-4FCC-B31B-2075B1427B00}.Release|arm64.Build.0 = Release|Any CPU
		{1D2F2C49-6DCF-4FCC-B31B-2075B1427B00}.Release|x86.ActiveCfg = Release|Any CPU
		{1D2F2C49-6DCF-4FCC-B31B-2075B1427B00}.Release|x86.Build.0 = Release|Any CPU
		{98D68312-25CC-4F4C-A85A-D4ECCE93F628}.Debug|Any CPU.ActiveCfg = Debug|Any CPU
		{98D68312-25CC-4F4C-A85A-D4ECCE93F628}.Debug|Any CPU.Build.0 = Debug|Any CPU
		{98D68312-25CC-4F4C-A85A-D4ECCE93F628}.Debug|arm64.ActiveCfg = Debug|Any CPU
		{98D68312-25CC-4F4C-A85A-D4ECCE93F628}.Debug|arm64.Build.0 = Debug|Any CPU
		{98D68312-25CC-4F4C-A85A-D4ECCE93F628}.Debug|x86.ActiveCfg = Debug|Any CPU
		{98D68312-25CC-4F4C-A85A-D4ECCE93F628}.Debug|x86.Build.0 = Debug|Any CPU
		{98D68312-25CC-4F4C-A85A-D4ECCE93F628}.Release|Any CPU.ActiveCfg = Release|Any CPU
		{98D68312-25CC-4F4C-A85A-D4ECCE93F628}.Release|Any CPU.Build.0 = Release|Any CPU
		{98D68312-25CC-4F4C-A85A-D4ECCE93F628}.Release|arm64.ActiveCfg = Release|Any CPU
		{98D68312-25CC-4F4C-A85A-D4ECCE93F628}.Release|arm64.Build.0 = Release|Any CPU
		{98D68312-25CC-4F4C-A85A-D4ECCE93F628}.Release|x86.ActiveCfg = Release|Any CPU
		{98D68312-25CC-4F4C-A85A-D4ECCE93F628}.Release|x86.Build.0 = Release|Any CPU
		{9E1CC5E9-179D-4A8B-800D-BB80CECF5D28}.Debug|Any CPU.ActiveCfg = Debug|Any CPU
		{9E1CC5E9-179D-4A8B-800D-BB80CECF5D28}.Debug|Any CPU.Build.0 = Debug|Any CPU
		{9E1CC5E9-179D-4A8B-800D-BB80CECF5D28}.Debug|arm64.ActiveCfg = Debug|Any CPU
		{9E1CC5E9-179D-4A8B-800D-BB80CECF5D28}.Debug|arm64.Build.0 = Debug|Any CPU
		{9E1CC5E9-179D-4A8B-800D-BB80CECF5D28}.Debug|x86.ActiveCfg = Debug|Any CPU
		{9E1CC5E9-179D-4A8B-800D-BB80CECF5D28}.Debug|x86.Build.0 = Debug|Any CPU
		{9E1CC5E9-179D-4A8B-800D-BB80CECF5D28}.Release|Any CPU.ActiveCfg = Release|Any CPU
		{9E1CC5E9-179D-4A8B-800D-BB80CECF5D28}.Release|Any CPU.Build.0 = Release|Any CPU
		{9E1CC5E9-179D-4A8B-800D-BB80CECF5D28}.Release|arm64.ActiveCfg = Release|Any CPU
		{9E1CC5E9-179D-4A8B-800D-BB80CECF5D28}.Release|arm64.Build.0 = Release|Any CPU
		{9E1CC5E9-179D-4A8B-800D-BB80CECF5D28}.Release|x86.ActiveCfg = Release|Any CPU
		{9E1CC5E9-179D-4A8B-800D-BB80CECF5D28}.Release|x86.Build.0 = Release|Any CPU
		{AC2ACE87-2F84-4D24-8A6C-E04A0B6BAE4F}.Debug|Any CPU.ActiveCfg = Debug|Any CPU
		{AC2ACE87-2F84-4D24-8A6C-E04A0B6BAE4F}.Debug|Any CPU.Build.0 = Debug|Any CPU
		{AC2ACE87-2F84-4D24-8A6C-E04A0B6BAE4F}.Debug|arm64.ActiveCfg = Debug|Any CPU
		{AC2ACE87-2F84-4D24-8A6C-E04A0B6BAE4F}.Debug|arm64.Build.0 = Debug|Any CPU
		{AC2ACE87-2F84-4D24-8A6C-E04A0B6BAE4F}.Debug|x86.ActiveCfg = Debug|Any CPU
		{AC2ACE87-2F84-4D24-8A6C-E04A0B6BAE4F}.Debug|x86.Build.0 = Debug|Any CPU
		{AC2ACE87-2F84-4D24-8A6C-E04A0B6BAE4F}.Release|Any CPU.ActiveCfg = Release|Any CPU
		{AC2ACE87-2F84-4D24-8A6C-E04A0B6BAE4F}.Release|Any CPU.Build.0 = Release|Any CPU
		{AC2ACE87-2F84-4D24-8A6C-E04A0B6BAE4F}.Release|arm64.ActiveCfg = Release|Any CPU
		{AC2ACE87-2F84-4D24-8A6C-E04A0B6BAE4F}.Release|arm64.Build.0 = Release|Any CPU
		{AC2ACE87-2F84-4D24-8A6C-E04A0B6BAE4F}.Release|x86.ActiveCfg = Release|Any CPU
		{AC2ACE87-2F84-4D24-8A6C-E04A0B6BAE4F}.Release|x86.Build.0 = Release|Any CPU
		{9AE9A178-6D3E-4B3E-9F27-0733B8206E35}.Debug|Any CPU.ActiveCfg = Debug|Any CPU
		{9AE9A178-6D3E-4B3E-9F27-0733B8206E35}.Debug|Any CPU.Build.0 = Debug|Any CPU
		{9AE9A178-6D3E-4B3E-9F27-0733B8206E35}.Debug|arm64.ActiveCfg = Debug|Any CPU
		{9AE9A178-6D3E-4B3E-9F27-0733B8206E35}.Debug|arm64.Build.0 = Debug|Any CPU
		{9AE9A178-6D3E-4B3E-9F27-0733B8206E35}.Debug|x86.ActiveCfg = Debug|Any CPU
		{9AE9A178-6D3E-4B3E-9F27-0733B8206E35}.Debug|x86.Build.0 = Debug|Any CPU
		{9AE9A178-6D3E-4B3E-9F27-0733B8206E35}.Release|Any CPU.ActiveCfg = Release|Any CPU
		{9AE9A178-6D3E-4B3E-9F27-0733B8206E35}.Release|Any CPU.Build.0 = Release|Any CPU
		{9AE9A178-6D3E-4B3E-9F27-0733B8206E35}.Release|arm64.ActiveCfg = Release|Any CPU
		{9AE9A178-6D3E-4B3E-9F27-0733B8206E35}.Release|arm64.Build.0 = Release|Any CPU
		{9AE9A178-6D3E-4B3E-9F27-0733B8206E35}.Release|x86.ActiveCfg = Release|Any CPU
		{9AE9A178-6D3E-4B3E-9F27-0733B8206E35}.Release|x86.Build.0 = Release|Any CPU
		{7C03535B-21C9-4529-95A0-84CDA08E5867}.Debug|Any CPU.ActiveCfg = Debug|Any CPU
		{7C03535B-21C9-4529-95A0-84CDA08E5867}.Debug|Any CPU.Build.0 = Debug|Any CPU
		{7C03535B-21C9-4529-95A0-84CDA08E5867}.Debug|arm64.ActiveCfg = Debug|Any CPU
		{7C03535B-21C9-4529-95A0-84CDA08E5867}.Debug|arm64.Build.0 = Debug|Any CPU
		{7C03535B-21C9-4529-95A0-84CDA08E5867}.Debug|x86.ActiveCfg = Debug|Any CPU
		{7C03535B-21C9-4529-95A0-84CDA08E5867}.Debug|x86.Build.0 = Debug|Any CPU
		{7C03535B-21C9-4529-95A0-84CDA08E5867}.Release|Any CPU.ActiveCfg = Release|Any CPU
		{7C03535B-21C9-4529-95A0-84CDA08E5867}.Release|Any CPU.Build.0 = Release|Any CPU
		{7C03535B-21C9-4529-95A0-84CDA08E5867}.Release|arm64.ActiveCfg = Release|Any CPU
		{7C03535B-21C9-4529-95A0-84CDA08E5867}.Release|arm64.Build.0 = Release|Any CPU
		{7C03535B-21C9-4529-95A0-84CDA08E5867}.Release|x86.ActiveCfg = Release|Any CPU
		{7C03535B-21C9-4529-95A0-84CDA08E5867}.Release|x86.Build.0 = Release|Any CPU
		{177C2EDD-AF25-47BC-96F9-59CACD2B768B}.Debug|Any CPU.ActiveCfg = Debug|Any CPU
		{177C2EDD-AF25-47BC-96F9-59CACD2B768B}.Debug|Any CPU.Build.0 = Debug|Any CPU
		{177C2EDD-AF25-47BC-96F9-59CACD2B768B}.Debug|arm64.ActiveCfg = Debug|Any CPU
		{177C2EDD-AF25-47BC-96F9-59CACD2B768B}.Debug|arm64.Build.0 = Debug|Any CPU
		{177C2EDD-AF25-47BC-96F9-59CACD2B768B}.Debug|x86.ActiveCfg = Debug|Any CPU
		{177C2EDD-AF25-47BC-96F9-59CACD2B768B}.Debug|x86.Build.0 = Debug|Any CPU
		{177C2EDD-AF25-47BC-96F9-59CACD2B768B}.Release|Any CPU.ActiveCfg = Release|Any CPU
		{177C2EDD-AF25-47BC-96F9-59CACD2B768B}.Release|Any CPU.Build.0 = Release|Any CPU
		{177C2EDD-AF25-47BC-96F9-59CACD2B768B}.Release|arm64.ActiveCfg = Release|Any CPU
		{177C2EDD-AF25-47BC-96F9-59CACD2B768B}.Release|arm64.Build.0 = Release|Any CPU
		{177C2EDD-AF25-47BC-96F9-59CACD2B768B}.Release|x86.ActiveCfg = Release|Any CPU
		{177C2EDD-AF25-47BC-96F9-59CACD2B768B}.Release|x86.Build.0 = Release|Any CPU
		{232D34C1-4A66-440D-9D6D-C41A2603EFFB}.Debug|Any CPU.ActiveCfg = Debug|Any CPU
		{232D34C1-4A66-440D-9D6D-C41A2603EFFB}.Debug|Any CPU.Build.0 = Debug|Any CPU
		{232D34C1-4A66-440D-9D6D-C41A2603EFFB}.Debug|arm64.ActiveCfg = Debug|Any CPU
		{232D34C1-4A66-440D-9D6D-C41A2603EFFB}.Debug|arm64.Build.0 = Debug|Any CPU
		{232D34C1-4A66-440D-9D6D-C41A2603EFFB}.Debug|x86.ActiveCfg = Debug|Any CPU
		{232D34C1-4A66-440D-9D6D-C41A2603EFFB}.Debug|x86.Build.0 = Debug|Any CPU
		{232D34C1-4A66-440D-9D6D-C41A2603EFFB}.Release|Any CPU.ActiveCfg = Release|Any CPU
		{232D34C1-4A66-440D-9D6D-C41A2603EFFB}.Release|Any CPU.Build.0 = Release|Any CPU
		{232D34C1-4A66-440D-9D6D-C41A2603EFFB}.Release|arm64.ActiveCfg = Release|Any CPU
		{232D34C1-4A66-440D-9D6D-C41A2603EFFB}.Release|arm64.Build.0 = Release|Any CPU
		{232D34C1-4A66-440D-9D6D-C41A2603EFFB}.Release|x86.ActiveCfg = Release|Any CPU
		{232D34C1-4A66-440D-9D6D-C41A2603EFFB}.Release|x86.Build.0 = Release|Any CPU
		{24074E39-3FE9-4A2B-8FB0-3333C530BDD7}.Debug|Any CPU.ActiveCfg = Debug|Any CPU
		{24074E39-3FE9-4A2B-8FB0-3333C530BDD7}.Debug|Any CPU.Build.0 = Debug|Any CPU
		{24074E39-3FE9-4A2B-8FB0-3333C530BDD7}.Debug|arm64.ActiveCfg = Debug|arm64
		{24074E39-3FE9-4A2B-8FB0-3333C530BDD7}.Debug|arm64.Build.0 = Debug|arm64
		{24074E39-3FE9-4A2B-8FB0-3333C530BDD7}.Debug|x86.ActiveCfg = Debug|x86
		{24074E39-3FE9-4A2B-8FB0-3333C530BDD7}.Debug|x86.Build.0 = Debug|x86
		{24074E39-3FE9-4A2B-8FB0-3333C530BDD7}.Release|Any CPU.ActiveCfg = Release|Any CPU
		{24074E39-3FE9-4A2B-8FB0-3333C530BDD7}.Release|Any CPU.Build.0 = Release|Any CPU
		{24074E39-3FE9-4A2B-8FB0-3333C530BDD7}.Release|arm64.ActiveCfg = Release|arm64
		{24074E39-3FE9-4A2B-8FB0-3333C530BDD7}.Release|arm64.Build.0 = Release|arm64
		{24074E39-3FE9-4A2B-8FB0-3333C530BDD7}.Release|x86.ActiveCfg = Release|x86
		{24074E39-3FE9-4A2B-8FB0-3333C530BDD7}.Release|x86.Build.0 = Release|x86
		{BF93A411-2FDD-4ED7-B9BA-6F8673BFE2A6}.Debug|Any CPU.ActiveCfg = Debug|Any CPU
		{BF93A411-2FDD-4ED7-B9BA-6F8673BFE2A6}.Debug|Any CPU.Build.0 = Debug|Any CPU
		{BF93A411-2FDD-4ED7-B9BA-6F8673BFE2A6}.Debug|arm64.ActiveCfg = Debug|Any CPU
		{BF93A411-2FDD-4ED7-B9BA-6F8673BFE2A6}.Debug|arm64.Build.0 = Debug|Any CPU
		{BF93A411-2FDD-4ED7-B9BA-6F8673BFE2A6}.Debug|x86.ActiveCfg = Debug|Any CPU
		{BF93A411-2FDD-4ED7-B9BA-6F8673BFE2A6}.Debug|x86.Build.0 = Debug|Any CPU
		{BF93A411-2FDD-4ED7-B9BA-6F8673BFE2A6}.Release|Any CPU.ActiveCfg = Release|Any CPU
		{BF93A411-2FDD-4ED7-B9BA-6F8673BFE2A6}.Release|Any CPU.Build.0 = Release|Any CPU
		{BF93A411-2FDD-4ED7-B9BA-6F8673BFE2A6}.Release|arm64.ActiveCfg = Release|Any CPU
		{BF93A411-2FDD-4ED7-B9BA-6F8673BFE2A6}.Release|arm64.Build.0 = Release|Any CPU
		{BF93A411-2FDD-4ED7-B9BA-6F8673BFE2A6}.Release|x86.ActiveCfg = Release|Any CPU
		{BF93A411-2FDD-4ED7-B9BA-6F8673BFE2A6}.Release|x86.Build.0 = Release|Any CPU
	EndGlobalSection
	GlobalSection(SolutionProperties) = preSolution
		HideSolutionNode = FALSE
	EndGlobalSection
	GlobalSection(NestedProjects) = preSolution
		{080CFDEE-4A09-4F2E-8C6B-4BC7DCD6C086} = {133DDFA6-0FE4-4290-8D02-4CE922B55163}
	EndGlobalSection
	GlobalSection(ExtensibilityGlobals) = postSolution
		SolutionGuid = {66B6477D-4119-45B8-BB69-D8BA452E85EB}
	EndGlobalSection
EndGlobal
